
Microsoft Visual Studio Solution File, Format Version 12.00
# Visual Studio Version 17
VisualStudioVersion = 17.2.32519.379
MinimumVisualStudioVersion = 10.0.40219.1
Project("{2150E333-8FDC-42A3-9474-1A3956D46DE8}") = "Services", "Services", "{CA420B91-2128-4C38-ADD2-07CA239F43E1}"
EndProject
Project("{2150E333-8FDC-42A3-9474-1A3956D46DE8}") = "Catalog", "Catalog", "{889FE0BB-BD72-4CD7-B9E3-32BCD4CB4EF6}"
EndProject
Project("{9A19103F-16F7-4668-BE54-9A1E7A4F7556}") = "Catalog.API", "Services\Catalog\Catalog.API\Catalog.API.csproj", "{5468CC0F-76EF-410A-903B-3E5C6866D4A4}"
EndProject
Project("{E53339B2-1760-4266-BCC7-CA923CBCF16C}") = "docker-compose", "docker-compose.dcproj", "{7B9E1D32-7918-4764-9009-11708AF2A2C2}"
EndProject
Project("{2150E333-8FDC-42A3-9474-1A3956D46DE8}") = "Basket", "Basket", "{8B3F6872-5918-423A-BD28-EEDBE614641D}"
EndProject
Project("{FAE04EC0-301F-11D3-BF4B-00C04F79EFBC}") = "Basket.API", "Services\Basket\Basket.API\Basket.API.csproj", "{D5C82AB5-A4EE-4AA1-940E-5B9E7F6BCFE1}"
EndProject
Global
	GlobalSection(SolutionConfigurationPlatforms) = preSolution
		Debug|Any CPU = Debug|Any CPU
		Release|Any CPU = Release|Any CPU
	EndGlobalSection
	GlobalSection(ProjectConfigurationPlatforms) = postSolution
		{5468CC0F-76EF-410A-903B-3E5C6866D4A4}.Debug|Any CPU.ActiveCfg = Debug|Any CPU
		{5468CC0F-76EF-410A-903B-3E5C6866D4A4}.Debug|Any CPU.Build.0 = Debug|Any CPU
		{5468CC0F-76EF-410A-903B-3E5C6866D4A4}.Release|Any CPU.ActiveCfg = Release|Any CPU
		{5468CC0F-76EF-410A-903B-3E5C6866D4A4}.Release|Any CPU.Build.0 = Release|Any CPU
		{7B9E1D32-7918-4764-9009-11708AF2A2C2}.Debug|Any CPU.ActiveCfg = Debug|Any CPU
		{7B9E1D32-7918-4764-9009-11708AF2A2C2}.Debug|Any CPU.Build.0 = Debug|Any CPU
		{7B9E1D32-7918-4764-9009-11708AF2A2C2}.Release|Any CPU.ActiveCfg = Release|Any CPU
		{7B9E1D32-7918-4764-9009-11708AF2A2C2}.Release|Any CPU.Build.0 = Release|Any CPU
		{D5C82AB5-A4EE-4AA1-940E-5B9E7F6BCFE1}.Debug|Any CPU.ActiveCfg = Debug|Any CPU
		{D5C82AB5-A4EE-4AA1-940E-5B9E7F6BCFE1}.Debug|Any CPU.Build.0 = Debug|Any CPU
		{D5C82AB5-A4EE-4AA1-940E-5B9E7F6BCFE1}.Release|Any CPU.ActiveCfg = Release|Any CPU
		{D5C82AB5-A4EE-4AA1-940E-5B9E7F6BCFE1}.Release|Any CPU.Build.0 = Release|Any CPU
	EndGlobalSection
	GlobalSection(SolutionProperties) = preSolution
		HideSolutionNode = FALSE
	EndGlobalSection
	GlobalSection(NestedProjects) = preSolution
		{889FE0BB-BD72-4CD7-B9E3-32BCD4CB4EF6} = {CA420B91-2128-4C38-ADD2-07CA239F43E1}
		{5468CC0F-76EF-410A-903B-3E5C6866D4A4} = {889FE0BB-BD72-4CD7-B9E3-32BCD4CB4EF6}
		{8B3F6872-5918-423A-BD28-EEDBE614641D} = {CA420B91-2128-4C38-ADD2-07CA239F43E1}
		{D5C82AB5-A4EE-4AA1-940E-5B9E7F6BCFE1} = {8B3F6872-5918-423A-BD28-EEDBE614641D}
	EndGlobalSection
	GlobalSection(ExtensibilityGlobals) = postSolution
		SolutionGuid = {6E6BA1C9-2AB1-4D3A-9787-657AC6785444}
	EndGlobalSection
EndGlobal
